
Microsoft Visual Studio Solution File, Format Version 12.00
# Visual Studio Version 17
VisualStudioVersion = 17.14.36310.24 d17.14
MinimumVisualStudioVersion = 10.0.40219.1
Project("{FAE04EC0-301F-11D3-BF4B-00C04F79EFBC}") = "App.Repositories", "Repositories\App.Repositories.csproj", "{C89721D1-8B5E-46F4-ABD5-5B0876A45095}"
EndProject
Project("{FAE04EC0-301F-11D3-BF4B-00C04F79EFBC}") = "App.Services", "Services\App.Services.csproj", "{168D7C8C-BEB1-4EA2-9F03-733B178F8660}"
EndProject
Project("{FAE04EC0-301F-11D3-BF4B-00C04F79EFBC}") = "App.API", "App.API\App.API.csproj", "{53747B8E-00C2-40BB-997C-5991677B3CC9}"
EndProject
Global
	GlobalSection(SolutionConfigurationPlatforms) = preSolution
		Debug|Any CPU = Debug|Any CPU
		Release|Any CPU = Release|Any CPU
	EndGlobalSection
	GlobalSection(ProjectConfigurationPlatforms) = postSolution
		{C89721D1-8B5E-46F4-ABD5-5B0876A45095}.Debug|Any CPU.ActiveCfg = Debug|Any CPU
		{C89721D1-8B5E-46F4-ABD5-5B0876A45095}.Debug|Any CPU.Build.0 = Debug|Any CPU
		{C89721D1-8B5E-46F4-ABD5-5B0876A45095}.Release|Any CPU.ActiveCfg = Release|Any CPU
		{C89721D1-8B5E-46F4-ABD5-5B0876A45095}.Release|Any CPU.Build.0 = Release|Any CPU
		{168D7C8C-BEB1-4EA2-9F03-733B178F8660}.Debug|Any CPU.ActiveCfg = Debug|Any CPU
		{168D7C8C-BEB1-4EA2-9F03-733B178F8660}.Debug|Any CPU.Build.0 = Debug|Any CPU
		{168D7C8C-BEB1-4EA2-9F03-733B178F8660}.Release|Any CPU.ActiveCfg = Release|Any CPU
		{168D7C8C-BEB1-4EA2-9F03-733B178F8660}.Release|Any CPU.Build.0 = Release|Any CPU
		{53747B8E-00C2-40BB-997C-5991677B3CC9}.Debug|Any CPU.ActiveCfg = Debug|Any CPU
		{53747B8E-00C2-40BB-997C-5991677B3CC9}.Debug|Any CPU.Build.0 = Debug|Any CPU
		{53747B8E-00C2-40BB-997C-5991677B3CC9}.Release|Any CPU.ActiveCfg = Release|Any CPU
		{53747B8E-00C2-40BB-997C-5991677B3CC9}.Release|Any CPU.Build.0 = Release|Any CPU
	EndGlobalSection
	GlobalSection(SolutionProperties) = preSolution
		HideSolutionNode = FALSE
	EndGlobalSection
	GlobalSection(ExtensibilityGlobals) = postSolution
		SolutionGuid = {C515AA9F-8B89-41DB-B0D7-E1559B2AD844}
	EndGlobalSection
EndGlobal
